
Microsoft Visual Studio Solution File, Format Version 12.00
# Visual Studio Version 17
VisualStudioVersion = 17.5.33627.172
MinimumVisualStudioVersion = 10.0.40219.1
Project("{9A19103F-16F7-4668-BE54-9A1E7A4F7556}") = "SuperShop.Web", "SuperShop\SuperShop.Web.csproj", "{77B06ED8-8725-4353-B1EA-41CD51B6FD74}"
EndProject
Project("{FAE04EC0-301F-11D3-BF4B-00C04F79EFBC}") = "SuperShop.Prism", "SuperShop.Prism\SuperShop.Prism\SuperShop.Prism.csproj", "{7DBC12D4-4F81-40B7-861D-C2199761D7E3}"
EndProject
Project("{FAE04EC0-301F-11D3-BF4B-00C04F79EFBC}") = "SuperShop.Prism.Android", "SuperShop.Prism\SuperShop.Prism.Android\SuperShop.Prism.Android.csproj", "{CAB9A1A3-35D5-4694-B486-BA55D7ACB510}"
EndProject
Project("{FAE04EC0-301F-11D3-BF4B-00C04F79EFBC}") = "SuperShop.Prism.iOS", "SuperShop.Prism\SuperShop.Prism.iOS\SuperShop.Prism.iOS.csproj", "{0B79C355-50F7-4D6B-8841-C36A06E231D9}"
EndProject
Global
	GlobalSection(SolutionConfigurationPlatforms) = preSolution
		Ad-Hoc|Any CPU = Ad-Hoc|Any CPU
		Ad-Hoc|iPhone = Ad-Hoc|iPhone
		Ad-Hoc|iPhoneSimulator = Ad-Hoc|iPhoneSimulator
		AppStore|Any CPU = AppStore|Any CPU
		AppStore|iPhone = AppStore|iPhone
		AppStore|iPhoneSimulator = AppStore|iPhoneSimulator
		Debug|Any CPU = Debug|Any CPU
		Debug|iPhone = Debug|iPhone
		Debug|iPhoneSimulator = Debug|iPhoneSimulator
		Release|Any CPU = Release|Any CPU
		Release|iPhone = Release|iPhone
		Release|iPhoneSimulator = Release|iPhoneSimulator
	EndGlobalSection
	GlobalSection(ProjectConfigurationPlatforms) = postSolution
		{77B06ED8-8725-4353-B1EA-41CD51B6FD74}.Ad-Hoc|Any CPU.ActiveCfg = Release|Any CPU
		{77B06ED8-8725-4353-B1EA-41CD51B6FD74}.Ad-Hoc|Any CPU.Build.0 = Release|Any CPU
		{77B06ED8-8725-4353-B1EA-41CD51B6FD74}.Ad-Hoc|iPhone.ActiveCfg = Release|Any CPU
		{77B06ED8-8725-4353-B1EA-41CD51B6FD74}.Ad-Hoc|iPhone.Build.0 = Release|Any CPU
		{77B06ED8-8725-4353-B1EA-41CD51B6FD74}.Ad-Hoc|iPhoneSimulator.ActiveCfg = Release|Any CPU
		{77B06ED8-8725-4353-B1EA-41CD51B6FD74}.Ad-Hoc|iPhoneSimulator.Build.0 = Release|Any CPU
		{77B06ED8-8725-4353-B1EA-41CD51B6FD74}.AppStore|Any CPU.ActiveCfg = Release|Any CPU
		{77B06ED8-8725-4353-B1EA-41CD51B6FD74}.AppStore|Any CPU.Build.0 = Release|Any CPU
		{77B06ED8-8725-4353-B1EA-41CD51B6FD74}.AppStore|iPhone.ActiveCfg = Release|Any CPU
		{77B06ED8-8725-4353-B1EA-41CD51B6FD74}.AppStore|iPhone.Build.0 = Release|Any CPU
		{77B06ED8-8725-4353-B1EA-41CD51B6FD74}.AppStore|iPhoneSimulator.ActiveCfg = Release|Any CPU
		{77B06ED8-8725-4353-B1EA-41CD51B6FD74}.AppStore|iPhoneSimulator.Build.0 = Release|Any CPU
		{77B06ED8-8725-4353-B1EA-41CD51B6FD74}.Debug|Any CPU.ActiveCfg = Debug|Any CPU
		{77B06ED8-8725-4353-B1EA-41CD51B6FD74}.Debug|Any CPU.Build.0 = Debug|Any CPU
		{77B06ED8-8725-4353-B1EA-41CD51B6FD74}.Debug|iPhone.ActiveCfg = Debug|Any CPU
		{77B06ED8-8725-4353-B1EA-41CD51B6FD74}.Debug|iPhone.Build.0 = Debug|Any CPU
		{77B06ED8-8725-4353-B1EA-41CD51B6FD74}.Debug|iPhoneSimulator.ActiveCfg = Debug|Any CPU
		{77B06ED8-8725-4353-B1EA-41CD51B6FD74}.Debug|iPhoneSimulator.Build.0 = Debug|Any CPU
		{77B06ED8-8725-4353-B1EA-41CD51B6FD74}.Release|Any CPU.ActiveCfg = Release|Any CPU
		{77B06ED8-8725-4353-B1EA-41CD51B6FD74}.Release|Any CPU.Build.0 = Release|Any CPU
		{77B06ED8-8725-4353-B1EA-41CD51B6FD74}.Release|iPhone.ActiveCfg = Release|Any CPU
		{77B06ED8-8725-4353-B1EA-41CD51B6FD74}.Release|iPhone.Build.0 = Release|Any CPU
		{77B06ED8-8725-4353-B1EA-41CD51B6FD74}.Release|iPhoneSimulator.ActiveCfg = Release|Any CPU
		{77B06ED8-8725-4353-B1EA-41CD51B6FD74}.Release|iPhoneSimulator.Build.0 = Release|Any CPU
		{7DBC12D4-4F81-40B7-861D-C2199761D7E3}.Ad-Hoc|Any CPU.ActiveCfg = Debug|Any CPU
		{7DBC12D4-4F81-40B7-861D-C2199761D7E3}.Ad-Hoc|Any CPU.Build.0 = Debug|Any CPU
		{7DBC12D4-4F81-40B7-861D-C2199761D7E3}.Ad-Hoc|iPhone.ActiveCfg = Debug|Any CPU
		{7DBC12D4-4F81-40B7-861D-C2199761D7E3}.Ad-Hoc|iPhone.Build.0 = Debug|Any CPU
		{7DBC12D4-4F81-40B7-861D-C2199761D7E3}.Ad-Hoc|iPhoneSimulator.ActiveCfg = Debug|Any CPU
		{7DBC12D4-4F81-40B7-861D-C2199761D7E3}.Ad-Hoc|iPhoneSimulator.Build.0 = Debug|Any CPU
		{7DBC12D4-4F81-40B7-861D-C2199761D7E3}.AppStore|Any CPU.ActiveCfg = Debug|Any CPU
		{7DBC12D4-4F81-40B7-861D-C2199761D7E3}.AppStore|Any CPU.Build.0 = Debug|Any CPU
		{7DBC12D4-4F81-40B7-861D-C2199761D7E3}.AppStore|iPhone.ActiveCfg = Debug|Any CPU
		{7DBC12D4-4F81-40B7-861D-C2199761D7E3}.AppStore|iPhone.Build.0 = Debug|Any CPU
		{7DBC12D4-4F81-40B7-861D-C2199761D7E3}.AppStore|iPhoneSimulator.ActiveCfg = Debug|Any CPU
		{7DBC12D4-4F81-40B7-861D-C2199761D7E3}.AppStore|iPhoneSimulator.Build.0 = Debug|Any CPU
		{7DBC12D4-4F81-40B7-861D-C2199761D7E3}.Debug|Any CPU.ActiveCfg = Debug|Any CPU
		{7DBC12D4-4F81-40B7-861D-C2199761D7E3}.Debug|Any CPU.Build.0 = Debug|Any CPU
		{7DBC12D4-4F81-40B7-861D-C2199761D7E3}.Debug|iPhone.ActiveCfg = Debug|Any CPU
		{7DBC12D4-4F81-40B7-861D-C2199761D7E3}.Debug|iPhone.Build.0 = Debug|Any CPU
		{7DBC12D4-4F81-40B7-861D-C2199761D7E3}.Debug|iPhoneSimulator.ActiveCfg = Debug|Any CPU
		{7DBC12D4-4F81-40B7-861D-C2199761D7E3}.Debug|iPhoneSimulator.Build.0 = Debug|Any CPU
		{7DBC12D4-4F81-40B7-861D-C2199761D7E3}.Release|Any CPU.ActiveCfg = Release|Any CPU
		{7DBC12D4-4F81-40B7-861D-C2199761D7E3}.Release|Any CPU.Build.0 = Release|Any CPU
		{7DBC12D4-4F81-40B7-861D-C2199761D7E3}.Release|iPhone.ActiveCfg = Release|Any CPU
		{7DBC12D4-4F81-40B7-861D-C2199761D7E3}.Release|iPhone.Build.0 = Release|Any CPU
		{7DBC12D4-4F81-40B7-861D-C2199761D7E3}.Release|iPhoneSimulator.ActiveCfg = Release|Any CPU
		{7DBC12D4-4F81-40B7-861D-C2199761D7E3}.Release|iPhoneSimulator.Build.0 = Release|Any CPU
		{CAB9A1A3-35D5-4694-B486-BA55D7ACB510}.Ad-Hoc|Any CPU.ActiveCfg = Debug|Any CPU
		{CAB9A1A3-35D5-4694-B486-BA55D7ACB510}.Ad-Hoc|Any CPU.Build.0 = Debug|Any CPU
		{CAB9A1A3-35D5-4694-B486-BA55D7ACB510}.Ad-Hoc|Any CPU.Deploy.0 = Debug|Any CPU
		{CAB9A1A3-35D5-4694-B486-BA55D7ACB510}.Ad-Hoc|iPhone.ActiveCfg = Debug|Any CPU
		{CAB9A1A3-35D5-4694-B486-BA55D7ACB510}.Ad-Hoc|iPhone.Build.0 = Debug|Any CPU
		{CAB9A1A3-35D5-4694-B486-BA55D7ACB510}.Ad-Hoc|iPhone.Deploy.0 = Debug|Any CPU
		{CAB9A1A3-35D5-4694-B486-BA55D7ACB510}.Ad-Hoc|iPhoneSimulator.ActiveCfg = Debug|Any CPU
		{CAB9A1A3-35D5-4694-B486-BA55D7ACB510}.Ad-Hoc|iPhoneSimulator.Build.0 = Debug|Any CPU
		{CAB9A1A3-35D5-4694-B486-BA55D7ACB510}.Ad-Hoc|iPhoneSimulator.Deploy.0 = Debug|Any CPU
		{CAB9A1A3-35D5-4694-B486-BA55D7ACB510}.AppStore|Any CPU.ActiveCfg = Debug|Any CPU
		{CAB9A1A3-35D5-4694-B486-BA55D7ACB510}.AppStore|Any CPU.Build.0 = Debug|Any CPU
		{CAB9A1A3-35D5-4694-B486-BA55D7ACB510}.AppStore|Any CPU.Deploy.0 = Debug|Any CPU
		{CAB9A1A3-35D5-4694-B486-BA55D7ACB510}.AppStore|iPhone.ActiveCfg = Debug|Any CPU
		{CAB9A1A3-35D5-4694-B486-BA55D7ACB510}.AppStore|iPhone.Build.0 = Debug|Any CPU
		{CAB9A1A3-35D5-4694-B486-BA55D7ACB510}.AppStore|iPhone.Deploy.0 = Debug|Any CPU
		{CAB9A1A3-35D5-4694-B486-BA55D7ACB510}.AppStore|iPhoneSimulator.ActiveCfg = Debug|Any CPU
		{CAB9A1A3-35D5-4694-B486-BA55D7ACB510}.AppStore|iPhoneSimulator.Build.0 = Debug|Any CPU
		{CAB9A1A3-35D5-4694-B486-BA55D7ACB510}.AppStore|iPhoneSimulator.Deploy.0 = Debug|Any CPU
		{CAB9A1A3-35D5-4694-B486-BA55D7ACB510}.Debug|Any CPU.ActiveCfg = Debug|Any CPU
		{CAB9A1A3-35D5-4694-B486-BA55D7ACB510}.Debug|Any CPU.Build.0 = Debug|Any CPU
		{CAB9A1A3-35D5-4694-B486-BA55D7ACB510}.Debug|Any CPU.Deploy.0 = Debug|Any CPU
		{CAB9A1A3-35D5-4694-B486-BA55D7ACB510}.Debug|iPhone.ActiveCfg = Debug|Any CPU
		{CAB9A1A3-35D5-4694-B486-BA55D7ACB510}.Debug|iPhone.Build.0 = Debug|Any CPU
		{CAB9A1A3-35D5-4694-B486-BA55D7ACB510}.Debug|iPhone.Deploy.0 = Debug|Any CPU
		{CAB9A1A3-35D5-4694-B486-BA55D7ACB510}.Debug|iPhoneSimulator.ActiveCfg = Debug|Any CPU
		{CAB9A1A3-35D5-4694-B486-BA55D7ACB510}.Debug|iPhoneSimulator.Build.0 = Debug|Any CPU
		{CAB9A1A3-35D5-4694-B486-BA55D7ACB510}.Debug|iPhoneSimulator.Deploy.0 = Debug|Any CPU
		{CAB9A1A3-35D5-4694-B486-BA55D7ACB510}.Release|Any CPU.ActiveCfg = Release|Any CPU
		{CAB9A1A3-35D5-4694-B486-BA55D7ACB510}.Release|Any CPU.Build.0 = Release|Any CPU
		{CAB9A1A3-35D5-4694-B486-BA55D7ACB510}.Release|Any CPU.Deploy.0 = Release|Any CPU
		{CAB9A1A3-35D5-4694-B486-BA55D7ACB510}.Release|iPhone.ActiveCfg = Release|Any CPU
		{CAB9A1A3-35D5-4694-B486-BA55D7ACB510}.Release|iPhone.Build.0 = Release|Any CPU
		{CAB9A1A3-35D5-4694-B486-BA55D7ACB510}.Release|iPhone.Deploy.0 = Release|Any CPU
		{CAB9A1A3-35D5-4694-B486-BA55D7ACB510}.Release|iPhoneSimulator.ActiveCfg = Release|Any CPU
		{CAB9A1A3-35D5-4694-B486-BA55D7ACB510}.Release|iPhoneSimulator.Build.0 = Release|Any CPU
		{CAB9A1A3-35D5-4694-B486-BA55D7ACB510}.Release|iPhoneSimulator.Deploy.0 = Release|Any CPU
		{0B79C355-50F7-4D6B-8841-C36A06E231D9}.Ad-Hoc|Any CPU.ActiveCfg = Ad-Hoc|iPhoneSimulator
		{0B79C355-50F7-4D6B-8841-C36A06E231D9}.Ad-Hoc|Any CPU.Build.0 = Ad-Hoc|iPhoneSimulator
		{0B79C355-50F7-4D6B-8841-C36A06E231D9}.Ad-Hoc|iPhone.ActiveCfg = Ad-Hoc|iPhone
		{0B79C355-50F7-4D6B-8841-C36A06E231D9}.Ad-Hoc|iPhone.Build.0 = Ad-Hoc|iPhone
		{0B79C355-50F7-4D6B-8841-C36A06E231D9}.Ad-Hoc|iPhoneSimulator.ActiveCfg = Ad-Hoc|iPhoneSimulator
		{0B79C355-50F7-4D6B-8841-C36A06E231D9}.Ad-Hoc|iPhoneSimulator.Build.0 = Ad-Hoc|iPhoneSimulator
		{0B79C355-50F7-4D6B-8841-C36A06E231D9}.AppStore|Any CPU.ActiveCfg = AppStore|iPhoneSimulator
		{0B79C355-50F7-4D6B-8841-C36A06E231D9}.AppStore|Any CPU.Build.0 = AppStore|iPhoneSimulator
		{0B79C355-50F7-4D6B-8841-C36A06E231D9}.AppStore|iPhone.ActiveCfg = AppStore|iPhone
		{0B79C355-50F7-4D6B-8841-C36A06E231D9}.AppStore|iPhone.Build.0 = AppStore|iPhone
		{0B79C355-50F7-4D6B-8841-C36A06E231D9}.AppStore|iPhoneSimulator.ActiveCfg = AppStore|iPhoneSimulator
		{0B79C355-50F7-4D6B-8841-C36A06E231D9}.AppStore|iPhoneSimulator.Build.0 = AppStore|iPhoneSimulator
		{0B79C355-50F7-4D6B-8841-C36A06E231D9}.Debug|Any CPU.ActiveCfg = Debug|iPhoneSimulator
		{0B79C355-50F7-4D6B-8841-C36A06E231D9}.Debug|Any CPU.Build.0 = Debug|iPhoneSimulator
		{0B79C355-50F7-4D6B-8841-C36A06E231D9}.Debug|iPhone.ActiveCfg = Debug|iPhone
		{0B79C355-50F7-4D6B-8841-C36A06E231D9}.Debug|iPhone.Build.0 = Debug|iPhone
		{0B79C355-50F7-4D6B-8841-C36A06E231D9}.Debug|iPhoneSimulator.ActiveCfg = Debug|iPhoneSimulator
		{0B79C355-50F7-4D6B-8841-C36A06E231D9}.Debug|iPhoneSimulator.Build.0 = Debug|iPhoneSimulator
		{0B79C355-50F7-4D6B-8841-C36A06E231D9}.Release|Any CPU.ActiveCfg = Release|iPhoneSimulator
		{0B79C355-50F7-4D6B-8841-C36A06E231D9}.Release|Any CPU.Build.0 = Release|iPhoneSimulator
		{0B79C355-50F7-4D6B-8841-C36A06E231D9}.Release|iPhone.ActiveCfg = Release|iPhone
		{0B79C355-50F7-4D6B-8841-C36A06E231D9}.Release|iPhone.Build.0 = Release|iPhone
		{0B79C355-50F7-4D6B-8841-C36A06E231D9}.Release|iPhoneSimulator.ActiveCfg = Release|iPhoneSimulator
		{0B79C355-50F7-4D6B-8841-C36A06E231D9}.Release|iPhoneSimulator.Build.0 = Release|iPhoneSimulator
	EndGlobalSection
	GlobalSection(SolutionProperties) = preSolution
		HideSolutionNode = FALSE
	EndGlobalSection
	GlobalSection(ExtensibilityGlobals) = postSolution
		SolutionGuid = {83D72C6C-DAB1-4938-AD38-FE7B611BB897}
	EndGlobalSection
EndGlobal
